
Microsoft Visual Studio Solution File, Format Version 12.00
# Visual Studio Version 16
VisualStudioVersion = 16.0.33027.164
MinimumVisualStudioVersion = 10.0.40219.1
Project("{FAE04EC0-301F-11D3-BF4B-00C04F79EFBC}") = "CrudOperations", "CrudOperations.csproj", "{8ACDCD26-CA9A-473B-A5E6-829F93AA577C}"
EndProject
Global
	GlobalSection(SolutionConfigurationPlatforms) = preSolution
		Debug|Any CPU = Debug|Any CPU
		Release|Any CPU = Release|Any CPU
	EndGlobalSection
	GlobalSection(ProjectConfigurationPlatforms) = postSolution
		{8ACDCD26-CA9A-473B-A5E6-829F93AA577C}.Debug|Any CPU.ActiveCfg = Debug|Any CPU
		{8ACDCD26-CA9A-473B-A5E6-829F93AA577C}.Debug|Any CPU.Build.0 = Debug|Any CPU
		{8ACDCD26-CA9A-473B-A5E6-829F93AA577C}.Release|Any CPU.ActiveCfg = Release|Any CPU
		{8ACDCD26-CA9A-473B-A5E6-829F93AA577C}.Release|Any CPU.Build.0 = Release|Any CPU
	EndGlobalSection
	GlobalSection(SolutionProperties) = preSolution
		HideSolutionNode = FALSE
	EndGlobalSection
	GlobalSection(ExtensibilityGlobals) = postSolution
		SolutionGuid = {37F3A01F-74D2-4545-B6BD-A731108BC72C}
	EndGlobalSection
EndGlobal
